
Microsoft Visual Studio Solution File, Format Version 11.00
# Visual Studio 2010
Project("{FAE04EC0-301F-11D3-BF4B-00C04F79EFBC}") = "Weather", "Weather\Weather.csproj", "{6B2B19E0-B11C-4FDE-8930-60E7473C0F40}"
EndProject
Project("{FAE04EC0-301F-11D3-BF4B-00C04F79EFBC}") = "Weather.Infrastructure", "Weather.Infrastructure\Weather.Infrastructure.csproj", "{FDA1BE44-3882-4B7F-BAC4-0322BBAAD15B}"
EndProject
Project("{FAE04EC0-301F-11D3-BF4B-00C04F79EFBC}") = "Weather.Model", "Weather.Model\Weather.Model.csproj", "{36CEB515-0622-4992-9447-123D5A7550E8}"
EndProject
Project("{FAE04EC0-301F-11D3-BF4B-00C04F79EFBC}") = "Weather.Tests", "Weather.Tests\Weather.Tests.csproj", "{9ECF2CEA-8128-4581-B999-B6D2BADC7806}"
EndProject
Project("{2150E333-8FDC-42A3-9474-1A3956D46DE8}") = "Solution Items", "Solution Items", "{8F6E93C3-FEB9-4780-9C42-B2546BC20432}"
	ProjectSection(SolutionItems) = preProject
		Local.testsettings = Local.testsettings
		TraceAndTestImpact.testsettings = TraceAndTestImpact.testsettings
		Weather.vsmdi = Weather.vsmdi
	EndProjectSection
EndProject
Project("{FAE04EC0-301F-11D3-BF4B-00C04F79EFBC}") = "Weather.Application", "Weather.Application\Weather.Application.csproj", "{66253844-069B-4FB8-97A0-F16CE5AA710C}"
EndProject
Project("{FAE04EC0-301F-11D3-BF4B-00C04F79EFBC}") = "Weather.RestService", "Weather.RestService\Weather.RestService.csproj", "{64484A9E-5107-4C4B-8FCF-BFB9FDE9B455}"
EndProject
Global
	GlobalSection(TestCaseManagementSettings) = postSolution
		CategoryFile = Weather.vsmdi
	EndGlobalSection
	GlobalSection(SolutionConfigurationPlatforms) = preSolution
		Debug|Any CPU = Debug|Any CPU
		Release|Any CPU = Release|Any CPU
	EndGlobalSection
	GlobalSection(ProjectConfigurationPlatforms) = postSolution
		{6B2B19E0-B11C-4FDE-8930-60E7473C0F40}.Debug|Any CPU.ActiveCfg = Debug|Any CPU
		{6B2B19E0-B11C-4FDE-8930-60E7473C0F40}.Debug|Any CPU.Build.0 = Debug|Any CPU
		{6B2B19E0-B11C-4FDE-8930-60E7473C0F40}.Release|Any CPU.ActiveCfg = Release|Any CPU
		{6B2B19E0-B11C-4FDE-8930-60E7473C0F40}.Release|Any CPU.Build.0 = Release|Any CPU
		{FDA1BE44-3882-4B7F-BAC4-0322BBAAD15B}.Debug|Any CPU.ActiveCfg = Debug|Any CPU
		{FDA1BE44-3882-4B7F-BAC4-0322BBAAD15B}.Debug|Any CPU.Build.0 = Debug|Any CPU
		{FDA1BE44-3882-4B7F-BAC4-0322BBAAD15B}.Release|Any CPU.ActiveCfg = Release|Any CPU
		{FDA1BE44-3882-4B7F-BAC4-0322BBAAD15B}.Release|Any CPU.Build.0 = Release|Any CPU
		{36CEB515-0622-4992-9447-123D5A7550E8}.Debug|Any CPU.ActiveCfg = Debug|Any CPU
		{36CEB515-0622-4992-9447-123D5A7550E8}.Debug|Any CPU.Build.0 = Debug|Any CPU
		{36CEB515-0622-4992-9447-123D5A7550E8}.Release|Any CPU.ActiveCfg = Release|Any CPU
		{36CEB515-0622-4992-9447-123D5A7550E8}.Release|Any CPU.Build.0 = Release|Any CPU
		{9ECF2CEA-8128-4581-B999-B6D2BADC7806}.Debug|Any CPU.ActiveCfg = Debug|Any CPU
		{9ECF2CEA-8128-4581-B999-B6D2BADC7806}.Debug|Any CPU.Build.0 = Debug|Any CPU
		{9ECF2CEA-8128-4581-B999-B6D2BADC7806}.Release|Any CPU.ActiveCfg = Release|Any CPU
		{9ECF2CEA-8128-4581-B999-B6D2BADC7806}.Release|Any CPU.Build.0 = Release|Any CPU
		{66253844-069B-4FB8-97A0-F16CE5AA710C}.Debug|Any CPU.ActiveCfg = Debug|Any CPU
		{66253844-069B-4FB8-97A0-F16CE5AA710C}.Debug|Any CPU.Build.0 = Debug|Any CPU
		{66253844-069B-4FB8-97A0-F16CE5AA710C}.Release|Any CPU.ActiveCfg = Release|Any CPU
		{66253844-069B-4FB8-97A0-F16CE5AA710C}.Release|Any CPU.Build.0 = Release|Any CPU
		{64484A9E-5107-4C4B-8FCF-BFB9FDE9B455}.Debug|Any CPU.ActiveCfg = Debug|Any CPU
		{64484A9E-5107-4C4B-8FCF-BFB9FDE9B455}.Debug|Any CPU.Build.0 = Debug|Any CPU
		{64484A9E-5107-4C4B-8FCF-BFB9FDE9B455}.Release|Any CPU.ActiveCfg = Release|Any CPU
		{64484A9E-5107-4C4B-8FCF-BFB9FDE9B455}.Release|Any CPU.Build.0 = Release|Any CPU
	EndGlobalSection
	GlobalSection(SolutionProperties) = preSolution
		HideSolutionNode = FALSE
	EndGlobalSection
EndGlobal
